
Microsoft Visual Studio Solution File, Format Version 12.00
# Visual Studio 15
VisualStudioVersion = 15.0.27130.2010
MinimumVisualStudioVersion = 10.0.40219.1
Project("{FAE04EC0-301F-11D3-BF4B-00C04F79EFBC}") = "TESIS", "TESIS\TESIS.csproj", "{AFC18D06-A5F6-4774-9AD5-454B599C7DD7}"
EndProject
Project("{FAE04EC0-301F-11D3-BF4B-00C04F79EFBC}") = "AD", "AD\AD.csproj", "{602D40DB-20A2-4DF1-96BD-24C4429EA160}"
EndProject
Project("{FAE04EC0-301F-11D3-BF4B-00C04F79EFBC}") = "Entidades", "Entidades\Entidades.csproj", "{1F848174-9639-4893-BCCC-388556E4DA50}"
EndProject
Project("{FAE04EC0-301F-11D3-BF4B-00C04F79EFBC}") = "LN", "LN\LN.csproj", "{05970C09-9619-46AD-AE34-B0EEC006817E}"
EndProject
Global
	GlobalSection(SolutionConfigurationPlatforms) = preSolution
		Debug|Any CPU = Debug|Any CPU
		Release|Any CPU = Release|Any CPU
	EndGlobalSection
	GlobalSection(ProjectConfigurationPlatforms) = postSolution
		{AFC18D06-A5F6-4774-9AD5-454B599C7DD7}.Debug|Any CPU.ActiveCfg = Debug|Any CPU
		{AFC18D06-A5F6-4774-9AD5-454B599C7DD7}.Debug|Any CPU.Build.0 = Debug|Any CPU
		{AFC18D06-A5F6-4774-9AD5-454B599C7DD7}.Release|Any CPU.ActiveCfg = Release|Any CPU
		{AFC18D06-A5F6-4774-9AD5-454B599C7DD7}.Release|Any CPU.Build.0 = Release|Any CPU
		{602D40DB-20A2-4DF1-96BD-24C4429EA160}.Debug|Any CPU.ActiveCfg = Debug|Any CPU
		{602D40DB-20A2-4DF1-96BD-24C4429EA160}.Debug|Any CPU.Build.0 = Debug|Any CPU
		{602D40DB-20A2-4DF1-96BD-24C4429EA160}.Release|Any CPU.ActiveCfg = Release|Any CPU
		{602D40DB-20A2-4DF1-96BD-24C4429EA160}.Release|Any CPU.Build.0 = Release|Any CPU
		{1F848174-9639-4893-BCCC-388556E4DA50}.Debug|Any CPU.ActiveCfg = Debug|Any CPU
		{1F848174-9639-4893-BCCC-388556E4DA50}.Debug|Any CPU.Build.0 = Debug|Any CPU
		{1F848174-9639-4893-BCCC-388556E4DA50}.Release|Any CPU.ActiveCfg = Release|Any CPU
		{1F848174-9639-4893-BCCC-388556E4DA50}.Release|Any CPU.Build.0 = Release|Any CPU
		{05970C09-9619-46AD-AE34-B0EEC006817E}.Debug|Any CPU.ActiveCfg = Debug|Any CPU
		{05970C09-9619-46AD-AE34-B0EEC006817E}.Debug|Any CPU.Build.0 = Debug|Any CPU
		{05970C09-9619-46AD-AE34-B0EEC006817E}.Release|Any CPU.ActiveCfg = Release|Any CPU
		{05970C09-9619-46AD-AE34-B0EEC006817E}.Release|Any CPU.Build.0 = Release|Any CPU
	EndGlobalSection
	GlobalSection(SolutionProperties) = preSolution
		HideSolutionNode = FALSE
	EndGlobalSection
	GlobalSection(ExtensibilityGlobals) = postSolution
		SolutionGuid = {7846782C-AF49-416A-91A5-0C791B828D7F}
	EndGlobalSection
EndGlobal
